# This file is automatically @generated by Cargo.
# It is not intended for manual editing.
[[package]]
name = "common"
version = "0.1.0"

[[package]]
name = "protocol"
version = "0.1.0"

[[package]]
name = "throughput_recorder"
version = "0.1.0"

[[package]]
name = "traffic_consumer"
version = "0.1.0"
dependencies = [
 "common",
 "protocol",
 "throughput_recorder",
]

[[package]]
name = "traffic_producer"
version = "0.1.0"
dependencies = [
 "common",
 "protocol",
 "throughput_recorder",
]
